// !$*UTF8*$!
{
	archiveVersion = 1;
	classes = {
	};
	objectVersion = 56;
	objects = {

/* Begin PBXBuildFile section */
		2C2933D62C0116E4004A8160 /* AppDelegate.swift in Sources */ = {isa = PBXBuildFile; fileRef = 2C2933D52C0116E4004A8160 /* AppDelegate.swift */; };
		2C2933D82C0116E4004A8160 /* SceneDelegate.swift in Sources */ = {isa = PBXBuildFile; fileRef = 2C2933D72C0116E4004A8160 /* SceneDelegate.swift */; };
		2C2933DA2C0116E4004A8160 /* ViewController.swift in Sources */ = {isa = PBXBuildFile; fileRef = 2C2933D92C0116E4004A8160 /* ViewController.swift */; };
		2C2933DD2C0116E4004A8160 /* Base in Resources */ = {isa = PBXBuildFile; fileRef = 2C2933DC2C0116E4004A8160 /* Base */; };
		2C2933E02C0116E4004A8160 /* CariHesapDefteri.xcdatamodeld in Sources */ = {isa = PBXBuildFile; fileRef = 2C2933DE2C0116E4004A8160 /* CariHesapDefteri.xcdatamodeld */; };
		2C2933E22C0116E5004A8160 /* Assets.xcassets in Resources */ = {isa = PBXBuildFile; fileRef = 2C2933E12C0116E5004A8160 /* Assets.xcassets */; };
		2C2933E52C0116E5004A8160 /* Base in Resources */ = {isa = PBXBuildFile; fileRef = 2C2933E42C0116E5004A8160 /* Base */; };
		2C2933ED2C011C9B004A8160 /* KayitEkleViewController.swift in Sources */ = {isa = PBXBuildFile; fileRef = 2C2933EC2C011C9B004A8160 /* KayitEkleViewController.swift */; };
		2C8EDFB82C026E4D00645DCF /* CariHesapViewController.swift in Sources */ = {isa = PBXBuildFile; fileRef = 2C8EDFB72C026E4D00645DCF /* CariHesapViewController.swift */; };
		2C8EDFBC2C02714F00645DCF /* CariIsimEntity.swift in Sources */ = {isa = PBXBuildFile; fileRef = 2C8EDFBB2C02714F00645DCF /* CariIsimEntity.swift */; };
		2C8EDFBE2C027D8800645DCF /* CariKayitEntity.swift in Sources */ = {isa = PBXBuildFile; fileRef = 2C8EDFBD2C027D8800645DCF /* CariKayitEntity.swift */; };
		2C8EDFC02C02838D00645DCF /* CariKayitTableViewCell.swift in Sources */ = {isa = PBXBuildFile; fileRef = 2C8EDFBF2C02838D00645DCF /* CariKayitTableViewCell.swift */; };
/* End PBXBuildFile section */

/* Begin PBXFileReference section */
		2C2933D22C0116E4004A8160 /* CariHesapDefteri.app */ = {isa = PBXFileReference; explicitFileType = wrapper.application; includeInIndex = 0; path = CariHesapDefteri.app; sourceTree = BUILT_PRODUCTS_DIR; };
		2C2933D52C0116E4004A8160 /* AppDelegate.swift */ = {isa = PBXFileReference; lastKnownFileType = sourcecode.swift; path = AppDelegate.swift; sourceTree = "<group>"; };
		2C2933D72C0116E4004A8160 /* SceneDelegate.swift */ = {isa = PBXFileReference; lastKnownFileType = sourcecode.swift; path = SceneDelegate.swift; sourceTree = "<group>"; };
		2C2933D92C0116E4004A8160 /* ViewController.swift */ = {isa = PBXFileReference; lastKnownFileType = sourcecode.swift; path = ViewController.swift; sourceTree = "<group>"; };
		2C2933DC2C0116E4004A8160 /* Base */ = {isa = PBXFileReference; lastKnownFileType = file.storyboard; name = Base; path = Base.lproj/Main.storyboard; sourceTree = "<group>"; };
		2C2933DF2C0116E4004A8160 /* CariHesapDefteri.xcdatamodel */ = {isa = PBXFileReference; lastKnownFileType = wrapper.xcdatamodel; path = CariHesapDefteri.xcdatamodel; sourceTree = "<group>"; };
		2C2933E12C0116E5004A8160 /* Assets.xcassets */ = {isa = PBXFileReference; lastKnownFileType = folder.assetcatalog; path = Assets.xcassets; sourceTree = "<group>"; };
		2C2933E42C0116E5004A8160 /* Base */ = {isa = PBXFileReference; lastKnownFileType = file.storyboard; name = Base; path = Base.lproj/LaunchScreen.storyboard; sourceTree = "<group>"; };
		2C2933E62C0116E5004A8160 /* Info.plist */ = {isa = PBXFileReference; lastKnownFileType = text.plist.xml; path = Info.plist; sourceTree = "<group>"; };
		2C2933EC2C011C9B004A8160 /* KayitEkleViewController.swift */ = {isa = PBXFileReference; lastKnownFileType = sourcecode.swift; path = KayitEkleViewController.swift; sourceTree = "<group>"; };
		2C8EDFB72C026E4D00645DCF /* CariHesapViewController.swift */ = {isa = PBXFileReference; lastKnownFileType = sourcecode.swift; path = CariHesapViewController.swift; sourceTree = "<group>"; };
		2C8EDFBB2C02714F00645DCF /* CariIsimEntity.swift */ = {isa = PBXFileReference; lastKnownFileType = sourcecode.swift; path = CariIsimEntity.swift; sourceTree = "<group>"; };
		2C8EDFBD2C027D8800645DCF /* CariKayitEntity.swift */ = {isa = PBXFileReference; lastKnownFileType = sourcecode.swift; path = CariKayitEntity.swift; sourceTree = "<group>"; };
		2C8EDFBF2C02838D00645DCF /* CariKayitTableViewCell.swift */ = {isa = PBXFileReference; lastKnownFileType = sourcecode.swift; path = CariKayitTableViewCell.swift; sourceTree = "<group>"; };
/* End PBXFileReference section */

/* Begin PBXFrameworksBuildPhase section */
		2C2933CF2C0116E4004A8160 /* Frameworks */ = {
			isa = PBXFrameworksBuildPhase;
			buildActionMask = 2147483647;
			files = (
			);
			runOnlyForDeploymentPostprocessing = 0;
		};
/* End PBXFrameworksBuildPhase section */

/* Begin PBXGroup section */
		2C2933C92C0116E4004A8160 = {
			isa = PBXGroup;
			children = (
				2C2933D42C0116E4004A8160 /* CariHesapDefteri */,
				2C2933D32C0116E4004A8160 /* Products */,
			);
			sourceTree = "<group>";
		};
		2C2933D32C0116E4004A8160 /* Products */ = {
			isa = PBXGroup;
			children = (
				2C2933D22C0116E4004A8160 /* CariHesapDefteri.app */,
			);
			name = Products;
			sourceTree = "<group>";
		};
		2C2933D42C0116E4004A8160 /* CariHesapDefteri */ = {
			isa = PBXGroup;
			children = (
				2C2933D52C0116E4004A8160 /* AppDelegate.swift */,
				2C2933D72C0116E4004A8160 /* SceneDelegate.swift */,
				2C2933D92C0116E4004A8160 /* ViewController.swift */,
				2C2933EC2C011C9B004A8160 /* KayitEkleViewController.swift */,
				2C8EDFB72C026E4D00645DCF /* CariHesapViewController.swift */,
				2C8EDFBF2C02838D00645DCF /* CariKayitTableViewCell.swift */,
				2C8EDFBB2C02714F00645DCF /* CariIsimEntity.swift */,
				2C8EDFBD2C027D8800645DCF /* CariKayitEntity.swift */,
				2C2933DB2C0116E4004A8160 /* Main.storyboard */,
				2C2933E12C0116E5004A8160 /* Assets.xcassets */,
				2C2933E32C0116E5004A8160 /* LaunchScreen.storyboard */,
				2C2933E62C0116E5004A8160 /* Info.plist */,
				2C2933DE2C0116E4004A8160 /* CariHesapDefteri.xcdatamodeld */,
			);
			path = CariHesapDefteri;
			sourceTree = "<group>";
		};
/* End PBXGroup section */

/* Begin PBXNativeTarget section */
		2C2933D12C0116E4004A8160 /* CariHesapDefteri */ = {
			isa = PBXNativeTarget;
			buildConfigurationList = 2C2933E92C0116E5004A8160 /* Build configuration list for PBXNativeTarget "CariHesapDefteri" */;
			buildPhases = (
				2C2933CE2C0116E4004A8160 /* Sources */,
				2C2933CF2C0116E4004A8160 /* Frameworks */,
				2C2933D02C0116E4004A8160 /* Resources */,
			);
			buildRules = (
			);
			dependencies = (
			);
			name = CariHesapDefteri;
			productName = CariHesapDefteri;
			productReference = 2C2933D22C0116E4004A8160 /* CariHesapDefteri.app */;
			productType = "com.apple.product-type.application";
		};
/* End PBXNativeTarget section */

/* Begin PBXProject section */
		2C2933CA2C0116E4004A8160 /* Project object */ = {
			isa = PBXProject;
			attributes = {
				BuildIndependentTargetsInParallel = 1;
				LastSwiftUpdateCheck = 1530;
				LastUpgradeCheck = 1530;
				TargetAttributes = {
					2C2933D12C0116E4004A8160 = {
						CreatedOnToolsVersion = 15.3;
					};
				};
			};
			buildConfigurationList = 2C2933CD2C0116E4004A8160 /* Build configuration list for PBXProject "CariHesapDefteri" */;
			compatibilityVersion = "Xcode 14.0";
			developmentRegion = en;
			hasScannedForEncodings = 0;
			knownRegions = (
				en,
				Base,
			);
			mainGroup = 2C2933C92C0116E4004A8160;
			productRefGroup = 2C2933D32C0116E4004A8160 /* Products */;
			projectDirPath = "";
			projectRoot = "";
			targets = (
				2C2933D12C0116E4004A8160 /* CariHesapDefteri */,
			);
		};
/* End PBXProject section */

/* Begin PBXResourcesBuildPhase section */
		2C2933D02C0116E4004A8160 /* Resources */ = {
			isa = PBXResourcesBuildPhase;
			buildActionMask = 2147483647;
			files = (
				2C2933E22C0116E5004A8160 /* Assets.xcassets in Resources */,
				2C2933E52C0116E5004A8160 /* Base in Resources */,
				2C2933DD2C0116E4004A8160 /* Base in Resources */,
			);
			runOnlyForDeploymentPostprocessing = 0;
		};
/* End PBXResourcesBuildPhase section */

/* Begin PBXSourcesBuildPhase section */
		2C2933CE2C0116E4004A8160 /* Sources */ = {
			isa = PBXSourcesBuildPhase;
			buildActionMask = 2147483647;
			files = (
				2C2933E02C0116E4004A8160 /* CariHesapDefteri.xcdatamodeld in Sources */,
				2C8EDFB82C026E4D00645DCF /* CariHesapViewController.swift in Sources */,
				2C2933DA2C0116E4004A8160 /* ViewController.swift in Sources */,
				2C2933D62C0116E4004A8160 /* AppDelegate.swift in Sources */,
				2C2933D82C0116E4004A8160 /* SceneDelegate.swift in Sources */,
				2C2933ED2C011C9B004A8160 /* KayitEkleViewController.swift in Sources */,
				2C8EDFBE2C027D8800645DCF /* CariKayitEntity.swift in Sources */,
				2C8EDFC02C02838D00645DCF /* CariKayitTableViewCell.swift in Sources */,
				2C8EDFBC2C02714F00645DCF /* CariIsimEntity.swift in Sources */,
			);
			runOnlyForDeploymentPostprocessing = 0;
		};
/* End PBXSourcesBuildPhase section */

/* Begin PBXVariantGroup section */
		2C2933DB2C0116E4004A8160 /* Main.storyboard */ = {
			isa = PBXVariantGroup;
			children = (
				2C2933DC2C0116E4004A8160 /* Base */,
			);
			name = Main.storyboard;
			sourceTree = "<group>";
		};
		2C2933E32C0116E5004A8160 /* LaunchScreen.storyboard */ = {
			isa = PBXVariantGroup;
			children = (
				2C2933E42C0116E5004A8160 /* Base */,
			);
			name = LaunchScreen.storyboard;
			sourceTree = "<group>";
		};
/* End PBXVariantGroup section */

/* Begin XCBuildConfiguration section */
		2C2933E72C0116E5004A8160 /* Debug */ = {
			isa = XCBuildConfiguration;
			buildSettings = {
				ALWAYS_SEARCH_USER_PATHS = NO;
				ASSETCATALOG_COMPILER_GENERATE_SWIFT_ASSET_SYMBOL_EXTENSIONS = YES;
				CLANG_ANALYZER_NONNULL = YES;
				CLANG_ANALYZER_NUMBER_OBJECT_CONVERSION = YES_AGGRESSIVE;
				CLANG_CXX_LANGUAGE_STANDARD = "gnu++20";
				CLANG_ENABLE_MODULES = YES;
				CLANG_ENABLE_OBJC_ARC = YES;
				CLANG_ENABLE_OBJC_WEAK = YES;
				CLANG_WARN_BLOCK_CAPTURE_AUTORELEASING = YES;
				CLANG_WARN_BOOL_CONVERSION = YES;
				CLANG_WARN_COMMA = YES;
				CLANG_WARN_CONSTANT_CONVERSION = YES;
				CLANG_WARN_DEPRECATED_OBJC_IMPLEMENTATIONS = YES;
				CLANG_WARN_DIRECT_OBJC_ISA_USAGE = YES_ERROR;
				CLANG_WARN_DOCUMENTATION_COMMENTS = YES;
				CLANG_WARN_EMPTY_BODY = YES;
				CLANG_WARN_ENUM_CONVERSION = YES;
				CLANG_WARN_INFINITE_RECURSION = YES;
				CLANG_WARN_INT_CONVERSION = YES;
				CLANG_WARN_NON_LITERAL_NULL_CONVERSION = YES;
				CLANG_WARN_OBJC_IMPLICIT_RETAIN_SELF = YES;
				CLANG_WARN_OBJC_LITERAL_CONVERSION = YES;
				CLANG_WARN_OBJC_ROOT_CLASS = YES_ERROR;
				CLANG_WARN_QUOTED_INCLUDE_IN_FRAMEWORK_HEADER = YES;
				CLANG_WARN_RANGE_LOOP_ANALYSIS = YES;
				CLANG_WARN_STRICT_PROTOTYPES = YES;
				CLANG_WARN_SUSPICIOUS_MOVE = YES;
				CLANG_WARN_UNGUARDED_AVAILABILITY = YES_AGGRESSIVE;
				CLANG_WARN_UNREACHABLE_CODE = YES;
				CLANG_WARN__DUPLICATE_METHOD_MATCH = YES;
				COPY_PHASE_STRIP = NO;
				DEBUG_INFORMATION_FORMAT = dwarf;
				ENABLE_STRICT_OBJC_MSGSEND = YES;
				ENABLE_TESTABILITY = YES;
				ENABLE_USER_SCRIPT_SANDBOXING = YES;
				GCC_C_LANGUAGE_STANDARD = gnu17;
				GCC_DYNAMIC_NO_PIC = NO;
				GCC_NO_COMMON_BLOCKS = YES;
				GCC_OPTIMIZATION_LEVEL = 0;
				GCC_PREPROCESSOR_DEFINITIONS = (
					"DEBUG=1",
					"$(inherited)",
				);
				GCC_WARN_64_TO_32_BIT_CONVERSION = YES;
				GCC_WARN_ABOUT_RETURN_TYPE = YES_ERROR;
				GCC_WARN_UNDECLARED_SELECTOR = YES;
				GCC_WARN_UNINITIALIZED_AUTOS = YES_AGGRESSIVE;
				GCC_WARN_UNUSED_FUNCTION = YES;
				GCC_WARN_UNUSED_VARIABLE = YES;
				IPHONEOS_DEPLOYMENT_TARGET = 16.2;
				LOCALIZATION_PREFERS_STRING_CATALOGS = YES;
				MTL_ENABLE_DEBUG_INFO = INCLUDE_SOURCE;
				MTL_FAST_MATH = YES;
				ONLY_ACTIVE_ARCH = YES;
				SDKROOT = iphoneos;
				SWIFT_ACTIVE_COMPILATION_CONDITIONS = "DEBUG $(inherited)";
				SWIFT_OPTIMIZATION_LEVEL = "-Onone";
			};
			name = Debug;
		};
		2C2933E82C0116E5004A8160 /* Release */ = {
			isa = XCBuildConfiguration;
			buildSettings = {
				ALWAYS_SEARCH_USER_PATHS = NO;
				ASSETCATALOG_COMPILER_GENERATE_SWIFT_ASSET_SYMBOL_EXTENSIONS = YES;
				CLANG_ANALYZER_NONNULL = YES;
				CLANG_ANALYZER_NUMBER_OBJECT_CONVERSION = YES_AGGRESSIVE;
				CLANG_CXX_LANGUAGE_STANDARD = "gnu++20";
				CLANG_ENABLE_MODULES = YES;
				CLANG_ENABLE_OBJC_ARC = YES;
				CLANG_ENABLE_OBJC_WEAK = YES;
				CLANG_WARN_BLOCK_CAPTURE_AUTORELEASING = YES;
				CLANG_WARN_BOOL_CONVERSION = YES;
				CLANG_WARN_COMMA = YES;
				CLANG_WARN_CONSTANT_CONVERSION = YES;
				CLANG_WARN_DEPRECATED_OBJC_IMPLEMENTATIONS = YES;
				CLANG_WARN_DIRECT_OBJC_ISA_USAGE = YES_ERROR;
				CLANG_WARN_DOCUMENTATION_COMMENTS = YES;
				CLANG_WARN_EMPTY_BODY = YES;
				CLANG_WARN_ENUM_CONVERSION = YES;
				CLANG_WARN_INFINITE_RECURSION = YES;
				CLANG_WARN_INT_CONVERSION = YES;
				CLANG_WARN_NON_LITERAL_NULL_CONVERSION = YES;
				CLANG_WARN_OBJC_IMPLICIT_RETAIN_SELF = YES;
				CLANG_WARN_OBJC_LITERAL_CONVERSION = YES;
				CLANG_WARN_OBJC_ROOT_CLASS = YES_ERROR;
				CLANG_WARN_QUOTED_INCLUDE_IN_FRAMEWORK_HEADER = YES;
				CLANG_WARN_RANGE_LOOP_ANALYSIS = YES;
				CLANG_WARN_STRICT_PROTOTYPES = YES;
				CLANG_WARN_SUSPICIOUS_MOVE = YES;
				CLANG_WARN_UNGUARDED_AVAILABILITY = YES_AGGRESSIVE;
				CLANG_WARN_UNREACHABLE_CODE = YES;
				CLANG_WARN__DUPLICATE_METHOD_MATCH = YES;
				COPY_PHASE_STRIP = NO;
				DEBUG_INFORMATION_FORMAT = "dwarf-with-dsym";
				ENABLE_NS_ASSERTIONS = NO;
				ENABLE_STRICT_OBJC_MSGSEND = YES;
				ENABLE_USER_SCRIPT_SANDBOXING = YES;
				GCC_C_LANGUAGE_STANDARD = gnu17;
				GCC_NO_COMMON_BLOCKS = YES;
				GCC_WARN_64_TO_32_BIT_CONVERSION = YES;
				GCC_WARN_ABOUT_RETURN_TYPE = YES_ERROR;
				GCC_WARN_UNDECLARED_SELECTOR = YES;
				GCC_WARN_UNINITIALIZED_AUTOS = YES_AGGRESSIVE;
				GCC_WARN_UNUSED_FUNCTION = YES;
				GCC_WARN_UNUSED_VARIABLE = YES;
				IPHONEOS_DEPLOYMENT_TARGET = 16.2;
				LOCALIZATION_PREFERS_STRING_CATALOGS = YES;
				MTL_ENABLE_DEBUG_INFO = NO;
				MTL_FAST_MATH = YES;
				SDKROOT = iphoneos;
				SWIFT_COMPILATION_MODE = wholemodule;
				VALIDATE_PRODUCT = YES;
			};
			name = Release;
		};
		2C2933EA2C0116E5004A8160 /* Debug */ = {
			isa = XCBuildConfiguration;
			buildSettings = {
				ASSETCATALOG_COMPILER_APPICON_NAME = AppIcon;
				ASSETCATALOG_COMPILER_GLOBAL_ACCENT_COLOR_NAME = AccentColor;
				CODE_SIGN_STYLE = Automatic;
				CURRENT_PROJECT_VERSION = 1;
				GENERATE_INFOPLIST_FILE = YES;
				INFOPLIST_FILE = CariHesapDefteri/Info.plist;
				INFOPLIST_KEY_UIApplicationSupportsIndirectInputEvents = YES;
				INFOPLIST_KEY_UILaunchStoryboardName = LaunchScreen;
				INFOPLIST_KEY_UIMainStoryboardFile = Main;
				INFOPLIST_KEY_UISupportedInterfaceOrientations_iPad = "UIInterfaceOrientationPortrait UIInterfaceOrientationPortraitUpsideDown UIInterfaceOrientationLandscapeLeft UIInterfaceOrientationLandscapeRight";
				INFOPLIST_KEY_UISupportedInterfaceOrientations_iPhone = "UIInterfaceOrientationPortrait UIInterfaceOrientationLandscapeLeft UIInterfaceOrientationLandscapeRight";
				LD_RUNPATH_SEARCH_PATHS = (
					"$(inherited)",
					"@executable_path/Frameworks",
				);
				MARKETING_VERSION = 1.0;
				PRODUCT_BUNDLE_IDENTIFIER = com.dursuncan.CariHesapDefteri;
				PRODUCT_NAME = "$(TARGET_NAME)";
				SWIFT_EMIT_LOC_STRINGS = YES;
				SWIFT_VERSION = 5.0;
				TARGETED_DEVICE_FAMILY = "1,2";
			};
			name = Debug;
		};
		2C2933EB2C0116E5004A8160 /* Release */ = {
			isa = XCBuildConfiguration;
			buildSettings = {
				ASSETCATALOG_COMPILER_APPICON_NAME = AppIcon;
				ASSETCATALOG_COMPILER_GLOBAL_ACCENT_COLOR_NAME = AccentColor;
				CODE_SIGN_STYLE = Automatic;
				CURRENT_PROJECT_VERSION = 1;
				GENERATE_INFOPLIST_FILE = YES;
				INFOPLIST_FILE = CariHesapDefteri/Info.plist;
				INFOPLIST_KEY_UIApplicationSupportsIndirectInputEvents = YES;
				INFOPLIST_KEY_UILaunchStoryboardName = LaunchScreen;
				INFOPLIST_KEY_UIMainStoryboardFile = Main;
				INFOPLIST_KEY_UISupportedInterfaceOrientations_iPad = "UIInterfaceOrientationPortrait UIInterfaceOrientationPortraitUpsideDown UIInterfaceOrientationLandscapeLeft UIInterfaceOrientationLandscapeRight";
				INFOPLIST_KEY_UISupportedInterfaceOrientations_iPhone = "UIInterfaceOrientationPortrait UIInterfaceOrientationLandscapeLeft UIInterfaceOrientationLandscapeRight";
				LD_RUNPATH_SEARCH_PATHS = (
					"$(inherited)",
					"@executable_path/Frameworks",
				);
				MARKETING_VERSION = 1.0;
				PRODUCT_BUNDLE_IDENTIFIER = com.dursuncan.CariHesapDefteri;
				PRODUCT_NAME = "$(TARGET_NAME)";
				SWIFT_EMIT_LOC_STRINGS = YES;
				SWIFT_VERSION = 5.0;
				TARGETED_DEVICE_FAMILY = "1,2";
			};
			name = Release;
		};
/* End XCBuildConfiguration section */

/* Begin XCConfigurationList section */
		2C2933CD2C0116E4004A8160 /* Build configuration list for PBXProject "CariHesapDefteri" */ = {
			isa = XCConfigurationList;
			buildConfigurations = (
				2C2933E72C0116E5004A8160 /* Debug */,
				2C2933E82C0116E5004A8160 /* Release */,
			);
			defaultConfigurationIsVisible = 0;
			defaultConfigurationName = Release;
		};
		2C2933E92C0116E5004A8160 /* Build configuration list for PBXNativeTarget "CariHesapDefteri" */ = {
			isa = XCConfigurationList;
			buildConfigurations = (
				2C2933EA2C0116E5004A8160 /* Debug */,
				2C2933EB2C0116E5004A8160 /* Release */,
			);
			defaultConfigurationIsVisible = 0;
			defaultConfigurationName = Release;
		};
/* End XCConfigurationList section */

/* Begin XCVersionGroup section */
		2C2933DE2C0116E4004A8160 /* CariHesapDefteri.xcdatamodeld */ = {
			isa = XCVersionGroup;
			children = (
				2C2933DF2C0116E4004A8160 /* CariHesapDefteri.xcdatamodel */,
			);
			currentVersion = 2C2933DF2C0116E4004A8160 /* CariHesapDefteri.xcdatamodel */;
			path = CariHesapDefteri.xcdatamodeld;
			sourceTree = "<group>";
			versionGroupType = wrapper.xcdatamodel;
		};
/* End XCVersionGroup section */
	};
	rootObject = 2C2933CA2C0116E4004A8160 /* Project object */;
}
